
Microsoft Visual Studio Solution File, Format Version 12.00
# Visual Studio Version 17
VisualStudioVersion = 17.1.32328.378
MinimumVisualStudioVersion = 10.0.40219.1
Project("{FAE04EC0-301F-11D3-BF4B-00C04F79EFBC}") = "KTX1", "KTX1\KTX1.csproj", "{76117D33-11AB-476D-8220-270F00B837E2}"
EndProject
Global
	GlobalSection(SolutionConfigurationPlatforms) = preSolution
		Debug|Any CPU = Debug|Any CPU
		Release|Any CPU = Release|Any CPU
	EndGlobalSection
	GlobalSection(ProjectConfigurationPlatforms) = postSolution
		{76117D33-11AB-476D-8220-270F00B837E2}.Debug|Any CPU.ActiveCfg = Debug|Any CPU
		{76117D33-11AB-476D-8220-270F00B837E2}.Debug|Any CPU.Build.0 = Debug|Any CPU
		{76117D33-11AB-476D-8220-270F00B837E2}.Release|Any CPU.ActiveCfg = Release|Any CPU
		{76117D33-11AB-476D-8220-270F00B837E2}.Release|Any CPU.Build.0 = Release|Any CPU
	EndGlobalSection
	GlobalSection(SolutionProperties) = preSolution
		HideSolutionNode = FALSE
	EndGlobalSection
	GlobalSection(ExtensibilityGlobals) = postSolution
		SolutionGuid = {5ABA5B58-667C-49D1-9FE8-D39DCA1C788F}
	EndGlobalSection
EndGlobal
