
Microsoft Visual Studio Solution File, Format Version 12.00
# Visual Studio Version 16
VisualStudioVersion = 16.0.32106.194
MinimumVisualStudioVersion = 10.0.40219.1
Project("{F184B08F-C81C-45F6-A57F-5ABD9991F28F}") = "WebKTX", "WebKTX\WebKTX.vbproj", "{E71AFB05-9FCC-4408-B12D-3130B1D50AF9}"
EndProject
Global
	GlobalSection(SolutionConfigurationPlatforms) = preSolution
		Debug|Any CPU = Debug|Any CPU
		Release|Any CPU = Release|Any CPU
	EndGlobalSection
	GlobalSection(ProjectConfigurationPlatforms) = postSolution
		{E71AFB05-9FCC-4408-B12D-3130B1D50AF9}.Debug|Any CPU.ActiveCfg = Debug|Any CPU
		{E71AFB05-9FCC-4408-B12D-3130B1D50AF9}.Debug|Any CPU.Build.0 = Debug|Any CPU
		{E71AFB05-9FCC-4408-B12D-3130B1D50AF9}.Release|Any CPU.ActiveCfg = Release|Any CPU
		{E71AFB05-9FCC-4408-B12D-3130B1D50AF9}.Release|Any CPU.Build.0 = Release|Any CPU
	EndGlobalSection
	GlobalSection(SolutionProperties) = preSolution
		HideSolutionNode = FALSE
	EndGlobalSection
	GlobalSection(ExtensibilityGlobals) = postSolution
		SolutionGuid = {ED6C9B3A-94EB-4DB1-8FEE-212D9133A5AF}
	EndGlobalSection
EndGlobal
