
Microsoft Visual Studio Solution File, Format Version 12.00
# Visual Studio Version 16
VisualStudioVersion = 16.0.32106.194
MinimumVisualStudioVersion = 10.0.40219.1
Project("{FAE04EC0-301F-11D3-BF4B-00C04F79EFBC}") = "KiTucXaDUE", "KiTucXaDUE\KiTucXaDUE.csproj", "{5D26C952-E6BB-4E44-A0C4-8EF99B2CA142}"
EndProject
Global
	GlobalSection(SolutionConfigurationPlatforms) = preSolution
		Debug|Any CPU = Debug|Any CPU
		Release|Any CPU = Release|Any CPU
	EndGlobalSection
	GlobalSection(ProjectConfigurationPlatforms) = postSolution
		{5D26C952-E6BB-4E44-A0C4-8EF99B2CA142}.Debug|Any CPU.ActiveCfg = Debug|Any CPU
		{5D26C952-E6BB-4E44-A0C4-8EF99B2CA142}.Debug|Any CPU.Build.0 = Debug|Any CPU
		{5D26C952-E6BB-4E44-A0C4-8EF99B2CA142}.Release|Any CPU.ActiveCfg = Release|Any CPU
		{5D26C952-E6BB-4E44-A0C4-8EF99B2CA142}.Release|Any CPU.Build.0 = Release|Any CPU
	EndGlobalSection
	GlobalSection(SolutionProperties) = preSolution
		HideSolutionNode = FALSE
	EndGlobalSection
	GlobalSection(ExtensibilityGlobals) = postSolution
		SolutionGuid = {5E55B8DB-48CF-427F-8B08-F81CACF2C242}
	EndGlobalSection
EndGlobal
